# This file is automatically @generated by Cargo.
# It is not intended for manual editing.
[[package]]
name = "aho-corasick"
version = "0.7.13"
source = "registry+https://github.com/rust-lang/crates.io-index"
dependencies = [
 "memchr 2.3.3 (registry+https://github.com/rust-lang/crates.io-index)",
]

[[package]]
name = "autocfg"
version = "1.0.0"
source = "registry+https://github.com/rust-lang/crates.io-index"

[[package]]
name = "bitflags"
version = "1.2.1"
source = "registry+https://github.com/rust-lang/crates.io-index"

[[package]]
name = "cfg-if"
version = "0.1.10"
source = "registry+https://github.com/rust-lang/crates.io-index"

[[package]]
name = "clock_ticks"
version = "0.1.1"
source = "registry+https://github.com/rust-lang/crates.io-index"

[[package]]
name = "env_logger"
version = "0.7.1"
source = "registry+https://github.com/rust-lang/crates.io-index"
dependencies = [
 "log 0.4.8 (registry+https://github.com/rust-lang/crates.io-index)",
]

[[package]]
name = "getopts"
version = "0.2.21"
source = "registry+https://github.com/rust-lang/crates.io-index"
dependencies = [
 "unicode-width 0.1.8 (registry+https://github.com/rust-lang/crates.io-index)",
]

[[package]]
name = "gir"
version = "0.0.1"
dependencies = [
 "bitflags 1.2.1 (registry+https://github.com/rust-lang/crates.io-index)",
 "env_logger 0.7.1 (registry+https://github.com/rust-lang/crates.io-index)",
 "getopts 0.2.21 (registry+https://github.com/rust-lang/crates.io-index)",
 "hprof 0.1.3 (registry+https://github.com/rust-lang/crates.io-index)",
 "log 0.4.8 (registry+https://github.com/rust-lang/crates.io-index)",
 "once_cell 1.4.0 (registry+https://github.com/rust-lang/crates.io-index)",
 "regex 1.3.9 (registry+https://github.com/rust-lang/crates.io-index)",
 "rustdoc-stripper 0.1.13 (git+https://github.com/GuillaumeGomez/rustdoc-stripper)",
 "toml 0.5.6 (registry+https://github.com/rust-lang/crates.io-index)",
 "xml-rs 0.8.3 (registry+https://github.com/rust-lang/crates.io-index)",
]

[[package]]
name = "hprof"
version = "0.1.3"
source = "registry+https://github.com/rust-lang/crates.io-index"
dependencies = [
 "clock_ticks 0.1.1 (registry+https://github.com/rust-lang/crates.io-index)",
 "log 0.3.9 (registry+https://github.com/rust-lang/crates.io-index)",
]

[[package]]
name = "indexmap"
version = "1.4.0"
source = "registry+https://github.com/rust-lang/crates.io-index"
dependencies = [
 "autocfg 1.0.0 (registry+https://github.com/rust-lang/crates.io-index)",
]

[[package]]
name = "lazy_static"
version = "1.4.0"
source = "registry+https://github.com/rust-lang/crates.io-index"

[[package]]
name = "log"
version = "0.3.9"
source = "registry+https://github.com/rust-lang/crates.io-index"
dependencies = [
 "log 0.4.8 (registry+https://github.com/rust-lang/crates.io-index)",
]

[[package]]
name = "log"
version = "0.4.8"
source = "registry+https://github.com/rust-lang/crates.io-index"
dependencies = [
 "cfg-if 0.1.10 (registry+https://github.com/rust-lang/crates.io-index)",
]

[[package]]
name = "memchr"
version = "2.3.3"
source = "registry+https://github.com/rust-lang/crates.io-index"

[[package]]
name = "once_cell"
version = "1.4.0"
source = "registry+https://github.com/rust-lang/crates.io-index"

[[package]]
name = "regex"
version = "1.3.9"
source = "registry+https://github.com/rust-lang/crates.io-index"
dependencies = [
 "aho-corasick 0.7.13 (registry+https://github.com/rust-lang/crates.io-index)",
 "memchr 2.3.3 (registry+https://github.com/rust-lang/crates.io-index)",
 "regex-syntax 0.6.18 (registry+https://github.com/rust-lang/crates.io-index)",
 "thread_local 1.0.1 (registry+https://github.com/rust-lang/crates.io-index)",
]

[[package]]
name = "regex-syntax"
version = "0.6.18"
source = "registry+https://github.com/rust-lang/crates.io-index"

[[package]]
name = "rustdoc-stripper"
version = "0.1.13"
source = "git+https://github.com/GuillaumeGomez/rustdoc-stripper#bb9c409fce167452753a6a4c87754bb59387ce64"

[[package]]
name = "serde"
version = "1.0.114"
source = "registry+https://github.com/rust-lang/crates.io-index"

[[package]]
name = "thread_local"
version = "1.0.1"
source = "registry+https://github.com/rust-lang/crates.io-index"
dependencies = [
 "lazy_static 1.4.0 (registry+https://github.com/rust-lang/crates.io-index)",
]

[[package]]
name = "toml"
version = "0.5.6"
source = "registry+https://github.com/rust-lang/crates.io-index"
dependencies = [
 "indexmap 1.4.0 (registry+https://github.com/rust-lang/crates.io-index)",
 "serde 1.0.114 (registry+https://github.com/rust-lang/crates.io-index)",
]

[[package]]
name = "unicode-width"
version = "0.1.8"
source = "registry+https://github.com/rust-lang/crates.io-index"

[[package]]
name = "xml-rs"
version = "0.8.3"
source = "registry+https://github.com/rust-lang/crates.io-index"

[metadata]
"checksum aho-corasick 0.7.13 (registry+https://github.com/rust-lang/crates.io-index)" = "043164d8ba5c4c3035fec9bbee8647c0261d788f3474306f93bb65901cae0e86"
"checksum autocfg 1.0.0 (registry+https://github.com/rust-lang/crates.io-index)" = "f8aac770f1885fd7e387acedd76065302551364496e46b3dd00860b2f8359b9d"
"checksum bitflags 1.2.1 (registry+https://github.com/rust-lang/crates.io-index)" = "cf1de2fe8c75bc145a2f577add951f8134889b4795d47466a54a5c846d691693"
"checksum cfg-if 0.1.10 (registry+https://github.com/rust-lang/crates.io-index)" = "4785bdd1c96b2a846b2bd7cc02e86b6b3dbf14e7e53446c4f54c92a361040822"
"checksum clock_ticks 0.1.1 (registry+https://github.com/rust-lang/crates.io-index)" = "c49a90f58e73ac5f41ed0ac249861ceb5f0976db35fabc2b9c2c856916042d63"
"checksum env_logger 0.7.1 (registry+https://github.com/rust-lang/crates.io-index)" = "44533bbbb3bb3c1fa17d9f2e4e38bbbaf8396ba82193c4cb1b6445d711445d36"
"checksum getopts 0.2.21 (registry+https://github.com/rust-lang/crates.io-index)" = "14dbbfd5c71d70241ecf9e6f13737f7b5ce823821063188d7e46c41d371eebd5"
"checksum hprof 0.1.3 (registry+https://github.com/rust-lang/crates.io-index)" = "17b42e67c01ef27237e424783538a0bc45721ecd53438fab5c3f8bbf5dfd8516"
"checksum indexmap 1.4.0 (registry+https://github.com/rust-lang/crates.io-index)" = "c398b2b113b55809ceb9ee3e753fcbac793f1956663f3c36549c1346015c2afe"
"checksum lazy_static 1.4.0 (registry+https://github.com/rust-lang/crates.io-index)" = "e2abad23fbc42b3700f2f279844dc832adb2b2eb069b2df918f455c4e18cc646"
"checksum log 0.3.9 (registry+https://github.com/rust-lang/crates.io-index)" = "e19e8d5c34a3e0e2223db8e060f9e8264aeeb5c5fc64a4ee9965c062211c024b"
"checksum log 0.4.8 (registry+https://github.com/rust-lang/crates.io-index)" = "14b6052be84e6b71ab17edffc2eeabf5c2c3ae1fdb464aae35ac50c67a44e1f7"
"checksum memchr 2.3.3 (registry+https://github.com/rust-lang/crates.io-index)" = "3728d817d99e5ac407411fa471ff9800a778d88a24685968b36824eaf4bee400"
"checksum once_cell 1.4.0 (registry+https://github.com/rust-lang/crates.io-index)" = "0b631f7e854af39a1739f401cf34a8a013dfe09eac4fa4dba91e9768bd28168d"
"checksum regex 1.3.9 (registry+https://github.com/rust-lang/crates.io-index)" = "9c3780fcf44b193bc4d09f36d2a3c87b251da4a046c87795a0d35f4f927ad8e6"
"checksum regex-syntax 0.6.18 (registry+https://github.com/rust-lang/crates.io-index)" = "26412eb97c6b088a6997e05f69403a802a92d520de2f8e63c2b65f9e0f47c4e8"
"checksum rustdoc-stripper 0.1.13 (git+https://github.com/GuillaumeGomez/rustdoc-stripper)" = "<none>"
"checksum serde 1.0.114 (registry+https://github.com/rust-lang/crates.io-index)" = "5317f7588f0a5078ee60ef675ef96735a1442132dc645eb1d12c018620ed8cd3"
"checksum thread_local 1.0.1 (registry+https://github.com/rust-lang/crates.io-index)" = "d40c6d1b69745a6ec6fb1ca717914848da4b44ae29d9b3080cbee91d72a69b14"
"checksum toml 0.5.6 (registry+https://github.com/rust-lang/crates.io-index)" = "ffc92d160b1eef40665be3a05630d003936a3bc7da7421277846c2613e92c71a"
"checksum unicode-width 0.1.8 (registry+https://github.com/rust-lang/crates.io-index)" = "9337591893a19b88d8d87f2cec1e73fad5cdfd10e5a6f349f498ad6ea2ffb1e3"
"checksum xml-rs 0.8.3 (registry+https://github.com/rust-lang/crates.io-index)" = "b07db065a5cf61a7e4ba64f29e67db906fb1787316516c4e6e5ff0fea1efcd8a"
